
Microsoft Visual Studio Solution File, Format Version 12.00
# Visual Studio Version 17
VisualStudioVersion = 17.6.33801.468
MinimumVisualStudioVersion = 10.0.40219.1
Project("{9A19103F-16F7-4668-BE54-9A1E7A4F7556}") = "Unitagram.WebAPI", "Unitagram.WebAPI\Unitagram.WebAPI.csproj", "{CF23EE9A-1CC2-4B9A-9C3B-78E47D05F987}"
EndProject
Project("{2150E333-8FDC-42A3-9474-1A3956D46DE8}") = "src", "src", "{4925650D-E41D-4580-A9E7-71A562002FE7}"
EndProject
Project("{2150E333-8FDC-42A3-9474-1A3956D46DE8}") = "tests", "tests", "{852DD5C7-2FE7-4313-9E9E-FDBBE30A6801}"
EndProject
Project("{9A19103F-16F7-4668-BE54-9A1E7A4F7556}") = "Unitagram.Infrastructure", "Unitagram.Infrastructure\Unitagram.Infrastructure.csproj", "{DE9FE77F-707D-4662-A368-1A8ED96D35A0}"
EndProject
Project("{2150E333-8FDC-42A3-9474-1A3956D46DE8}") = "API", "API", "{CDA0DB1D-92C6-4E83-9293-AC1C1EA79B9C}"
EndProject
Project("{2150E333-8FDC-42A3-9474-1A3956D46DE8}") = "Core", "Core", "{0A51C5EE-CD4E-48D0-A1BE-F3BE6E903B73}"
EndProject
Project("{FAE04EC0-301F-11D3-BF4B-00C04F79EFBC}") = "Unitagram.Domain", "Unitagram.Domain\Unitagram.Domain.csproj", "{FE8E3D3C-F90A-4C62-B586-AA6D70DC5C1C}"
EndProject
Project("{FAE04EC0-301F-11D3-BF4B-00C04F79EFBC}") = "Unitagram.Application", "Unitagram.Application\Unitagram.Application.csproj", "{635230D9-8657-4BDC-98B9-076BAFAB56BF}"
EndProject
Project("{2150E333-8FDC-42A3-9474-1A3956D46DE8}") = "Infrastructure", "Infrastructure", "{811BD26B-4144-44EE-87F6-A9F27898A490}"
EndProject
Project("{FAE04EC0-301F-11D3-BF4B-00C04F79EFBC}") = "Unitagram.Identity", "Unitagram.Identity\Unitagram.Identity.csproj", "{98E1523B-92A4-4672-86D0-B2C1524C9B39}"
EndProject
Project("{FAE04EC0-301F-11D3-BF4B-00C04F79EFBC}") = "Unitagram.Persistence", "Unitagram.Persistence\Unitagram.Persistence.csproj", "{92F29964-97B1-45B1-A77C-3580F1E8A8B4}"
EndProject
Project("{FAE04EC0-301F-11D3-BF4B-00C04F79EFBC}") = "Unitagram.Identity.UnitTests", "Unitagram.Identity.UnitTests\Unitagram.Identity.UnitTests.csproj", "{5BDEDC1D-6A17-4EB1-905D-1D223E82657C}"
EndProject
Global
	GlobalSection(SolutionConfigurationPlatforms) = preSolution
		Debug|Any CPU = Debug|Any CPU
		Release|Any CPU = Release|Any CPU
	EndGlobalSection
	GlobalSection(ProjectConfigurationPlatforms) = postSolution
		{CF23EE9A-1CC2-4B9A-9C3B-78E47D05F987}.Debug|Any CPU.ActiveCfg = Debug|Any CPU
		{CF23EE9A-1CC2-4B9A-9C3B-78E47D05F987}.Debug|Any CPU.Build.0 = Debug|Any CPU
		{CF23EE9A-1CC2-4B9A-9C3B-78E47D05F987}.Release|Any CPU.ActiveCfg = Release|Any CPU
		{CF23EE9A-1CC2-4B9A-9C3B-78E47D05F987}.Release|Any CPU.Build.0 = Release|Any CPU
		{DE9FE77F-707D-4662-A368-1A8ED96D35A0}.Debug|Any CPU.ActiveCfg = Debug|Any CPU
		{DE9FE77F-707D-4662-A368-1A8ED96D35A0}.Debug|Any CPU.Build.0 = Debug|Any CPU
		{DE9FE77F-707D-4662-A368-1A8ED96D35A0}.Release|Any CPU.ActiveCfg = Release|Any CPU
		{DE9FE77F-707D-4662-A368-1A8ED96D35A0}.Release|Any CPU.Build.0 = Release|Any CPU
		{FE8E3D3C-F90A-4C62-B586-AA6D70DC5C1C}.Debug|Any CPU.ActiveCfg = Debug|Any CPU
		{FE8E3D3C-F90A-4C62-B586-AA6D70DC5C1C}.Debug|Any CPU.Build.0 = Debug|Any CPU
		{FE8E3D3C-F90A-4C62-B586-AA6D70DC5C1C}.Release|Any CPU.ActiveCfg = Release|Any CPU
		{FE8E3D3C-F90A-4C62-B586-AA6D70DC5C1C}.Release|Any CPU.Build.0 = Release|Any CPU
		{635230D9-8657-4BDC-98B9-076BAFAB56BF}.Debug|Any CPU.ActiveCfg = Debug|Any CPU
		{635230D9-8657-4BDC-98B9-076BAFAB56BF}.Debug|Any CPU.Build.0 = Debug|Any CPU
		{635230D9-8657-4BDC-98B9-076BAFAB56BF}.Release|Any CPU.ActiveCfg = Release|Any CPU
		{635230D9-8657-4BDC-98B9-076BAFAB56BF}.Release|Any CPU.Build.0 = Release|Any CPU
		{98E1523B-92A4-4672-86D0-B2C1524C9B39}.Debug|Any CPU.ActiveCfg = Debug|Any CPU
		{98E1523B-92A4-4672-86D0-B2C1524C9B39}.Debug|Any CPU.Build.0 = Debug|Any CPU
		{98E1523B-92A4-4672-86D0-B2C1524C9B39}.Release|Any CPU.ActiveCfg = Release|Any CPU
		{98E1523B-92A4-4672-86D0-B2C1524C9B39}.Release|Any CPU.Build.0 = Release|Any CPU
		{92F29964-97B1-45B1-A77C-3580F1E8A8B4}.Debug|Any CPU.ActiveCfg = Debug|Any CPU
		{92F29964-97B1-45B1-A77C-3580F1E8A8B4}.Debug|Any CPU.Build.0 = Debug|Any CPU
		{92F29964-97B1-45B1-A77C-3580F1E8A8B4}.Release|Any CPU.ActiveCfg = Release|Any CPU
		{92F29964-97B1-45B1-A77C-3580F1E8A8B4}.Release|Any CPU.Build.0 = Release|Any CPU
		{5BDEDC1D-6A17-4EB1-905D-1D223E82657C}.Debug|Any CPU.ActiveCfg = Debug|Any CPU
		{5BDEDC1D-6A17-4EB1-905D-1D223E82657C}.Debug|Any CPU.Build.0 = Debug|Any CPU
		{5BDEDC1D-6A17-4EB1-905D-1D223E82657C}.Release|Any CPU.ActiveCfg = Release|Any CPU
		{5BDEDC1D-6A17-4EB1-905D-1D223E82657C}.Release|Any CPU.Build.0 = Release|Any CPU
	EndGlobalSection
	GlobalSection(SolutionProperties) = preSolution
		HideSolutionNode = FALSE
	EndGlobalSection
	GlobalSection(NestedProjects) = preSolution
		{CDA0DB1D-92C6-4E83-9293-AC1C1EA79B9C} = {4925650D-E41D-4580-A9E7-71A562002FE7}
		{CF23EE9A-1CC2-4B9A-9C3B-78E47D05F987} = {CDA0DB1D-92C6-4E83-9293-AC1C1EA79B9C}
		{0A51C5EE-CD4E-48D0-A1BE-F3BE6E903B73} = {4925650D-E41D-4580-A9E7-71A562002FE7}
		{FE8E3D3C-F90A-4C62-B586-AA6D70DC5C1C} = {0A51C5EE-CD4E-48D0-A1BE-F3BE6E903B73}
		{635230D9-8657-4BDC-98B9-076BAFAB56BF} = {0A51C5EE-CD4E-48D0-A1BE-F3BE6E903B73}
		{811BD26B-4144-44EE-87F6-A9F27898A490} = {4925650D-E41D-4580-A9E7-71A562002FE7}
		{DE9FE77F-707D-4662-A368-1A8ED96D35A0} = {811BD26B-4144-44EE-87F6-A9F27898A490}
		{98E1523B-92A4-4672-86D0-B2C1524C9B39} = {811BD26B-4144-44EE-87F6-A9F27898A490}
		{92F29964-97B1-45B1-A77C-3580F1E8A8B4} = {811BD26B-4144-44EE-87F6-A9F27898A490}
		{5BDEDC1D-6A17-4EB1-905D-1D223E82657C} = {852DD5C7-2FE7-4313-9E9E-FDBBE30A6801}
	EndGlobalSection
	GlobalSection(ExtensibilityGlobals) = postSolution
		SolutionGuid = {8E57DB72-BBBC-4BDC-9055-DC49F63E647F}
	EndGlobalSection
EndGlobal
